
Microsoft Visual Studio Solution File, Format Version 12.00
# Visual Studio Version 17
VisualStudioVersion = 17.8.34525.116
MinimumVisualStudioVersion = 10.0.40219.1
Project("{2150E333-8FDC-42A3-9474-1A3956D46DE8}") = "Employees.WebAPI", "Employees.WebAPI", "{0F5EFEB6-F04E-4DAE-B3CA-CE0D50F66789}"
EndProject
Project("{FAE04EC0-301F-11D3-BF4B-00C04F79EFBC}") = "Employees.WebAPI", "Employees.WebAPI\Employees.WebAPI.csproj", "{2315EFE9-36B5-4D3A-A716-F29D589BED75}"
EndProject
Global
	GlobalSection(SolutionConfigurationPlatforms) = preSolution
		Debug|Any CPU = Debug|Any CPU
		Release|Any CPU = Release|Any CPU
	EndGlobalSection
	GlobalSection(ProjectConfigurationPlatforms) = postSolution
		{2315EFE9-36B5-4D3A-A716-F29D589BED75}.Debug|Any CPU.ActiveCfg = Debug|Any CPU
		{2315EFE9-36B5-4D3A-A716-F29D589BED75}.Debug|Any CPU.Build.0 = Debug|Any CPU
		{2315EFE9-36B5-4D3A-A716-F29D589BED75}.Release|Any CPU.ActiveCfg = Release|Any CPU
		{2315EFE9-36B5-4D3A-A716-F29D589BED75}.Release|Any CPU.Build.0 = Release|Any CPU
	EndGlobalSection
	GlobalSection(SolutionProperties) = preSolution
		HideSolutionNode = FALSE
	EndGlobalSection
	GlobalSection(NestedProjects) = preSolution
		{2315EFE9-36B5-4D3A-A716-F29D589BED75} = {0F5EFEB6-F04E-4DAE-B3CA-CE0D50F66789}
	EndGlobalSection
	GlobalSection(ExtensibilityGlobals) = postSolution
		SolutionGuid = {B38407E2-C4B7-4A79-A009-6D8B7EFA4DEE}
	EndGlobalSection
EndGlobal
